
Microsoft Visual Studio Solution File, Format Version 12.00
# Visual Studio Version 17
VisualStudioVersion = 17.7.34024.191
MinimumVisualStudioVersion = 10.0.40219.1
Project("{FAE04EC0-301F-11D3-BF4B-00C04F79EFBC}") = "Count Real Numbers", "Count Real Numbers\Count Real Numbers.csproj", "{47D5D431-0B7B-4143-95DE-AB03A8B9F5B2}"
EndProject
Project("{FAE04EC0-301F-11D3-BF4B-00C04F79EFBC}") = "Odd Occurrences", "Odd Occurrences\Odd Occurrences.csproj", "{9AA9EECC-81A3-4071-AD76-7FE9BA26DD19}"
EndProject
Project("{FAE04EC0-301F-11D3-BF4B-00C04F79EFBC}") = "Word Synonyms", "Word Synonyms\Word Synonyms.csproj", "{59C9FC03-C87E-4DE6-94A3-E45D1D7CC3B1}"
EndProject
Global
	GlobalSection(SolutionConfigurationPlatforms) = preSolution
		Debug|Any CPU = Debug|Any CPU
		Release|Any CPU = Release|Any CPU
	EndGlobalSection
	GlobalSection(ProjectConfigurationPlatforms) = postSolution
		{47D5D431-0B7B-4143-95DE-AB03A8B9F5B2}.Debug|Any CPU.ActiveCfg = Debug|Any CPU
		{47D5D431-0B7B-4143-95DE-AB03A8B9F5B2}.Debug|Any CPU.Build.0 = Debug|Any CPU
		{47D5D431-0B7B-4143-95DE-AB03A8B9F5B2}.Release|Any CPU.ActiveCfg = Release|Any CPU
		{47D5D431-0B7B-4143-95DE-AB03A8B9F5B2}.Release|Any CPU.Build.0 = Release|Any CPU
		{9AA9EECC-81A3-4071-AD76-7FE9BA26DD19}.Debug|Any CPU.ActiveCfg = Debug|Any CPU
		{9AA9EECC-81A3-4071-AD76-7FE9BA26DD19}.Debug|Any CPU.Build.0 = Debug|Any CPU
		{9AA9EECC-81A3-4071-AD76-7FE9BA26DD19}.Release|Any CPU.ActiveCfg = Release|Any CPU
		{9AA9EECC-81A3-4071-AD76-7FE9BA26DD19}.Release|Any CPU.Build.0 = Release|Any CPU
		{59C9FC03-C87E-4DE6-94A3-E45D1D7CC3B1}.Debug|Any CPU.ActiveCfg = Debug|Any CPU
		{59C9FC03-C87E-4DE6-94A3-E45D1D7CC3B1}.Debug|Any CPU.Build.0 = Debug|Any CPU
		{59C9FC03-C87E-4DE6-94A3-E45D1D7CC3B1}.Release|Any CPU.ActiveCfg = Release|Any CPU
		{59C9FC03-C87E-4DE6-94A3-E45D1D7CC3B1}.Release|Any CPU.Build.0 = Release|Any CPU
	EndGlobalSection
	GlobalSection(SolutionProperties) = preSolution
		HideSolutionNode = FALSE
	EndGlobalSection
	GlobalSection(ExtensibilityGlobals) = postSolution
		SolutionGuid = {FB24B88D-9EE4-496F-AF05-E072210542C2}
	EndGlobalSection
EndGlobal
