
Microsoft Visual Studio Solution File, Format Version 12.00
# Visual Studio Version 17
VisualStudioVersion = 17.7.34031.279
MinimumVisualStudioVersion = 10.0.40219.1
Project("{FAE04EC0-301F-11D3-BF4B-00C04F79EFBC}") = "ConsoleAppMagic", "ConsoleAppMagic\ConsoleAppMagic.csproj", "{F5710F17-146A-4CFE-8772-E3B1FC261621}"
EndProject
Project("{FAE04EC0-301F-11D3-BF4B-00C04F79EFBC}") = "ConsoleAppMagic.Test", "ConsoleAppMagic.Test\ConsoleAppMagic.Test.csproj", "{0FAE08D7-1DDF-49F5-954C-E96115F6A35B}"
EndProject
Global
	GlobalSection(SolutionConfigurationPlatforms) = preSolution
		Debug|Any CPU = Debug|Any CPU
		Release|Any CPU = Release|Any CPU
	EndGlobalSection
	GlobalSection(ProjectConfigurationPlatforms) = postSolution
		{F5710F17-146A-4CFE-8772-E3B1FC261621}.Debug|Any CPU.ActiveCfg = Debug|Any CPU
		{F5710F17-146A-4CFE-8772-E3B1FC261621}.Debug|Any CPU.Build.0 = Debug|Any CPU
		{F5710F17-146A-4CFE-8772-E3B1FC261621}.Release|Any CPU.ActiveCfg = Release|Any CPU
		{F5710F17-146A-4CFE-8772-E3B1FC261621}.Release|Any CPU.Build.0 = Release|Any CPU
		{0FAE08D7-1DDF-49F5-954C-E96115F6A35B}.Debug|Any CPU.ActiveCfg = Debug|Any CPU
		{0FAE08D7-1DDF-49F5-954C-E96115F6A35B}.Debug|Any CPU.Build.0 = Debug|Any CPU
		{0FAE08D7-1DDF-49F5-954C-E96115F6A35B}.Release|Any CPU.ActiveCfg = Release|Any CPU
		{0FAE08D7-1DDF-49F5-954C-E96115F6A35B}.Release|Any CPU.Build.0 = Release|Any CPU
	EndGlobalSection
	GlobalSection(SolutionProperties) = preSolution
		HideSolutionNode = FALSE
	EndGlobalSection
	GlobalSection(ExtensibilityGlobals) = postSolution
		SolutionGuid = {52C1BCC3-776C-4E15-8BD2-56A8A212ECAD}
	EndGlobalSection
EndGlobal
