
Microsoft Visual Studio Solution File, Format Version 12.00
# Visual Studio Version 17
VisualStudioVersion = 17.7.34031.279
MinimumVisualStudioVersion = 10.0.40219.1
Project("{9A19103F-16F7-4668-BE54-9A1E7A4F7556}") = "strings06112023", "strings06112023\strings06112023.csproj", "{F594B14C-03E4-4CDF-BC7B-497EA5CD2BBD}"
EndProject
Project("{9A19103F-16F7-4668-BE54-9A1E7A4F7556}") = "Reverse Strings", "Reverse Strings\Reverse Strings.csproj", "{37AA4AD3-DC5E-4D72-878D-EF86B7C456A9}"
EndProject
Project("{9A19103F-16F7-4668-BE54-9A1E7A4F7556}") = "Substring", "Substring\Substring.csproj", "{5D7EDCC2-1E2D-49BC-8E08-72DF6387079D}"
EndProject
Project("{FAE04EC0-301F-11D3-BF4B-00C04F79EFBC}") = "Text Filter", "Text Filter\Text Filter.csproj", "{C3974AE0-5710-4140-9C56-3BC89B98EFB7}"
EndProject
Project("{FAE04EC0-301F-11D3-BF4B-00C04F79EFBC}") = "Digits, Letters and Others", "Digits, Letters and Others\Digits, Letters and Others.csproj", "{F67452E9-4475-44C4-A0F1-66F3C28433B2}"
EndProject
Global
	GlobalSection(SolutionConfigurationPlatforms) = preSolution
		Debug|Any CPU = Debug|Any CPU
		Release|Any CPU = Release|Any CPU
	EndGlobalSection
	GlobalSection(ProjectConfigurationPlatforms) = postSolution
		{F594B14C-03E4-4CDF-BC7B-497EA5CD2BBD}.Debug|Any CPU.ActiveCfg = Debug|Any CPU
		{F594B14C-03E4-4CDF-BC7B-497EA5CD2BBD}.Debug|Any CPU.Build.0 = Debug|Any CPU
		{F594B14C-03E4-4CDF-BC7B-497EA5CD2BBD}.Release|Any CPU.ActiveCfg = Release|Any CPU
		{F594B14C-03E4-4CDF-BC7B-497EA5CD2BBD}.Release|Any CPU.Build.0 = Release|Any CPU
		{37AA4AD3-DC5E-4D72-878D-EF86B7C456A9}.Debug|Any CPU.ActiveCfg = Debug|Any CPU
		{37AA4AD3-DC5E-4D72-878D-EF86B7C456A9}.Debug|Any CPU.Build.0 = Debug|Any CPU
		{37AA4AD3-DC5E-4D72-878D-EF86B7C456A9}.Release|Any CPU.ActiveCfg = Release|Any CPU
		{37AA4AD3-DC5E-4D72-878D-EF86B7C456A9}.Release|Any CPU.Build.0 = Release|Any CPU
		{5D7EDCC2-1E2D-49BC-8E08-72DF6387079D}.Debug|Any CPU.ActiveCfg = Debug|Any CPU
		{5D7EDCC2-1E2D-49BC-8E08-72DF6387079D}.Debug|Any CPU.Build.0 = Debug|Any CPU
		{5D7EDCC2-1E2D-49BC-8E08-72DF6387079D}.Release|Any CPU.ActiveCfg = Release|Any CPU
		{5D7EDCC2-1E2D-49BC-8E08-72DF6387079D}.Release|Any CPU.Build.0 = Release|Any CPU
		{C3974AE0-5710-4140-9C56-3BC89B98EFB7}.Debug|Any CPU.ActiveCfg = Debug|Any CPU
		{C3974AE0-5710-4140-9C56-3BC89B98EFB7}.Debug|Any CPU.Build.0 = Debug|Any CPU
		{C3974AE0-5710-4140-9C56-3BC89B98EFB7}.Release|Any CPU.ActiveCfg = Release|Any CPU
		{C3974AE0-5710-4140-9C56-3BC89B98EFB7}.Release|Any CPU.Build.0 = Release|Any CPU
		{F67452E9-4475-44C4-A0F1-66F3C28433B2}.Debug|Any CPU.ActiveCfg = Debug|Any CPU
		{F67452E9-4475-44C4-A0F1-66F3C28433B2}.Debug|Any CPU.Build.0 = Debug|Any CPU
		{F67452E9-4475-44C4-A0F1-66F3C28433B2}.Release|Any CPU.ActiveCfg = Release|Any CPU
		{F67452E9-4475-44C4-A0F1-66F3C28433B2}.Release|Any CPU.Build.0 = Release|Any CPU
	EndGlobalSection
	GlobalSection(SolutionProperties) = preSolution
		HideSolutionNode = FALSE
	EndGlobalSection
	GlobalSection(ExtensibilityGlobals) = postSolution
		SolutionGuid = {92A72CA4-E352-47A4-9627-03181AF877C6}
	EndGlobalSection
EndGlobal
