
Microsoft Visual Studio Solution File, Format Version 12.00
# Visual Studio Version 17
VisualStudioVersion = 17.7.34031.279
MinimumVisualStudioVersion = 10.0.40219.1
Project("{FAE04EC0-301F-11D3-BF4B-00C04F79EFBC}") = "Numbers in Range", "Numbers in Range\Numbers in Range.csproj", "{01B5A32C-92B1-4282-9896-47B5219E1171}"
EndProject
Project("{FAE04EC0-301F-11D3-BF4B-00C04F79EFBC}") = "First N Numbers Sum", "First N Numbers Sum\First N Numbers Sum.csproj", "{3B573C87-8FA9-4F88-90BB-91CACEDB1125}"
EndProject
Project("{FAE04EC0-301F-11D3-BF4B-00C04F79EFBC}") = "Sum Numbers", "Sum Numbers\Sum Numbers.csproj", "{B98F7EEC-E93C-452C-BEBF-F74D113CBF40}"
EndProject
Project("{FAE04EC0-301F-11D3-BF4B-00C04F79EFBC}") = "Numbers Ending in 7", "Numbers Ending in 7\Numbers Ending in 7.csproj", "{A5673742-EB26-4001-AC76-8CE2D0B1CFF0}"
EndProject
Project("{FAE04EC0-301F-11D3-BF4B-00C04F79EFBC}") = "Numbers From 1 to N over 3", "Numbers From 1 to N over 3\Numbers From 1 to N over 3.csproj", "{D8EEC503-E312-4371-A1D2-59B59619A7BC}"
EndProject
Project("{FAE04EC0-301F-11D3-BF4B-00C04F79EFBC}") = "Exam Countdown", "Exam Countdown\Exam Countdown.csproj", "{69B21CC3-0461-4E6C-94B5-43073B7DA8CD}"
EndProject
Project("{FAE04EC0-301F-11D3-BF4B-00C04F79EFBC}") = "Latin Letters", "Latin Letters\Latin Letters.csproj", "{0E943D88-49BB-43D6-BECC-55A4E6816A23}"
EndProject
Global
	GlobalSection(SolutionConfigurationPlatforms) = preSolution
		Debug|Any CPU = Debug|Any CPU
		Release|Any CPU = Release|Any CPU
	EndGlobalSection
	GlobalSection(ProjectConfigurationPlatforms) = postSolution
		{01B5A32C-92B1-4282-9896-47B5219E1171}.Debug|Any CPU.ActiveCfg = Debug|Any CPU
		{01B5A32C-92B1-4282-9896-47B5219E1171}.Debug|Any CPU.Build.0 = Debug|Any CPU
		{01B5A32C-92B1-4282-9896-47B5219E1171}.Release|Any CPU.ActiveCfg = Release|Any CPU
		{01B5A32C-92B1-4282-9896-47B5219E1171}.Release|Any CPU.Build.0 = Release|Any CPU
		{3B573C87-8FA9-4F88-90BB-91CACEDB1125}.Debug|Any CPU.ActiveCfg = Debug|Any CPU
		{3B573C87-8FA9-4F88-90BB-91CACEDB1125}.Debug|Any CPU.Build.0 = Debug|Any CPU
		{3B573C87-8FA9-4F88-90BB-91CACEDB1125}.Release|Any CPU.ActiveCfg = Release|Any CPU
		{3B573C87-8FA9-4F88-90BB-91CACEDB1125}.Release|Any CPU.Build.0 = Release|Any CPU
		{B98F7EEC-E93C-452C-BEBF-F74D113CBF40}.Debug|Any CPU.ActiveCfg = Debug|Any CPU
		{B98F7EEC-E93C-452C-BEBF-F74D113CBF40}.Debug|Any CPU.Build.0 = Debug|Any CPU
		{B98F7EEC-E93C-452C-BEBF-F74D113CBF40}.Release|Any CPU.ActiveCfg = Release|Any CPU
		{B98F7EEC-E93C-452C-BEBF-F74D113CBF40}.Release|Any CPU.Build.0 = Release|Any CPU
		{A5673742-EB26-4001-AC76-8CE2D0B1CFF0}.Debug|Any CPU.ActiveCfg = Debug|Any CPU
		{A5673742-EB26-4001-AC76-8CE2D0B1CFF0}.Debug|Any CPU.Build.0 = Debug|Any CPU
		{A5673742-EB26-4001-AC76-8CE2D0B1CFF0}.Release|Any CPU.ActiveCfg = Release|Any CPU
		{A5673742-EB26-4001-AC76-8CE2D0B1CFF0}.Release|Any CPU.Build.0 = Release|Any CPU
		{D8EEC503-E312-4371-A1D2-59B59619A7BC}.Debug|Any CPU.ActiveCfg = Debug|Any CPU
		{D8EEC503-E312-4371-A1D2-59B59619A7BC}.Debug|Any CPU.Build.0 = Debug|Any CPU
		{D8EEC503-E312-4371-A1D2-59B59619A7BC}.Release|Any CPU.ActiveCfg = Release|Any CPU
		{D8EEC503-E312-4371-A1D2-59B59619A7BC}.Release|Any CPU.Build.0 = Release|Any CPU
		{69B21CC3-0461-4E6C-94B5-43073B7DA8CD}.Debug|Any CPU.ActiveCfg = Debug|Any CPU
		{69B21CC3-0461-4E6C-94B5-43073B7DA8CD}.Debug|Any CPU.Build.0 = Debug|Any CPU
		{69B21CC3-0461-4E6C-94B5-43073B7DA8CD}.Release|Any CPU.ActiveCfg = Release|Any CPU
		{69B21CC3-0461-4E6C-94B5-43073B7DA8CD}.Release|Any CPU.Build.0 = Release|Any CPU
		{0E943D88-49BB-43D6-BECC-55A4E6816A23}.Debug|Any CPU.ActiveCfg = Debug|Any CPU
		{0E943D88-49BB-43D6-BECC-55A4E6816A23}.Debug|Any CPU.Build.0 = Debug|Any CPU
		{0E943D88-49BB-43D6-BECC-55A4E6816A23}.Release|Any CPU.ActiveCfg = Release|Any CPU
		{0E943D88-49BB-43D6-BECC-55A4E6816A23}.Release|Any CPU.Build.0 = Release|Any CPU
	EndGlobalSection
	GlobalSection(SolutionProperties) = preSolution
		HideSolutionNode = FALSE
	EndGlobalSection
	GlobalSection(ExtensibilityGlobals) = postSolution
		SolutionGuid = {65DDFD34-6E43-44FD-961E-623D69EAB282}
	EndGlobalSection
EndGlobal
